
Microsoft Visual Studio Solution File, Format Version 12.00
# Visual Studio Version 16
VisualStudioVersion = 16.0.30114.105
MinimumVisualStudioVersion = 10.0.40219.1
Project("{2150E333-8FDC-42A3-9474-1A3956D46DE8}") = "1-getting-started", "1-getting-started", "{D1B1D03F-19FB-4813-AF16-5AB5BBA078FA}"
EndProject
Project("{FAE04EC0-301F-11D3-BF4B-00C04F79EFBC}") = "ContosoPizza-1", "1-getting-started\ContosoPizza-1\ContosoPizza-1.csproj", "{BD172A46-E039-48E0-A0CB-1E91390CE38F}"
EndProject
Project("{2150E333-8FDC-42A3-9474-1A3956D46DE8}") = "2-existing-databases", "2-existing-databases", "{165E8996-4D6B-44AB-A9B5-45398319BDF8}"
EndProject
Project("{FAE04EC0-301F-11D3-BF4B-00C04F79EFBC}") = "ContosoPizza-2", "2-existing-databases\ContosoPizza-2\ContosoPizza-2.csproj", "{EF8BC59D-6D22-4F95-BA8A-B9D5D32C7202}"
EndProject
Project("{2150E333-8FDC-42A3-9474-1A3956D46DE8}") = "3-web-sites", "3-web-sites", "{CF4B46DD-74FE-44C8-90CB-C8999321DF4B}"
EndProject
Project("{FAE04EC0-301F-11D3-BF4B-00C04F79EFBC}") = "ContosoPizza-3", "3-web-sites\ContosoPizza-3\ContosoPizza-3.csproj", "{8C108CCE-0906-4964-A186-65B63A633F07}"
EndProject
Project("{2150E333-8FDC-42A3-9474-1A3956D46DE8}") = "4-database-providers", "4-database-providers", "{1056DEFA-6E77-43CE-9D51-CD1C16A2EFFA}"
EndProject
Project("{FAE04EC0-301F-11D3-BF4B-00C04F79EFBC}") = "ContosoPizza-4", "4-database-providers\ContosoPizza-4\ContosoPizza-4.csproj", "{1B555B95-71CE-4577-8796-43BF4DCE5E08}"
EndProject
Project("{2150E333-8FDC-42A3-9474-1A3956D46DE8}") = "5-performance-tips", "5-performance-tips", "{7C0B5E8D-CAFB-4EED-BE0B-B41693994C02}"
EndProject
Project("{FAE04EC0-301F-11D3-BF4B-00C04F79EFBC}") = "ContosoPizza-5", "5-performance-tips\ContosoPizza-5\ContosoPizza-5.csproj", "{A7006978-C9D7-4E03-9394-A317CF743FBD}"
EndProject
Global
	GlobalSection(SolutionConfigurationPlatforms) = preSolution
		Debug|Any CPU = Debug|Any CPU
		Debug|x64 = Debug|x64
		Debug|x86 = Debug|x86
		Release|Any CPU = Release|Any CPU
		Release|x64 = Release|x64
		Release|x86 = Release|x86
	EndGlobalSection
	GlobalSection(SolutionProperties) = preSolution
		HideSolutionNode = FALSE
	EndGlobalSection
	GlobalSection(ProjectConfigurationPlatforms) = postSolution
		{BD172A46-E039-48E0-A0CB-1E91390CE38F}.Debug|Any CPU.ActiveCfg = Debug|Any CPU
		{BD172A46-E039-48E0-A0CB-1E91390CE38F}.Debug|Any CPU.Build.0 = Debug|Any CPU
		{BD172A46-E039-48E0-A0CB-1E91390CE38F}.Debug|x64.ActiveCfg = Debug|Any CPU
		{BD172A46-E039-48E0-A0CB-1E91390CE38F}.Debug|x64.Build.0 = Debug|Any CPU
		{BD172A46-E039-48E0-A0CB-1E91390CE38F}.Debug|x86.ActiveCfg = Debug|Any CPU
		{BD172A46-E039-48E0-A0CB-1E91390CE38F}.Debug|x86.Build.0 = Debug|Any CPU
		{BD172A46-E039-48E0-A0CB-1E91390CE38F}.Release|Any CPU.ActiveCfg = Release|Any CPU
		{BD172A46-E039-48E0-A0CB-1E91390CE38F}.Release|Any CPU.Build.0 = Release|Any CPU
		{BD172A46-E039-48E0-A0CB-1E91390CE38F}.Release|x64.ActiveCfg = Release|Any CPU
		{BD172A46-E039-48E0-A0CB-1E91390CE38F}.Release|x64.Build.0 = Release|Any CPU
		{BD172A46-E039-48E0-A0CB-1E91390CE38F}.Release|x86.ActiveCfg = Release|Any CPU
		{BD172A46-E039-48E0-A0CB-1E91390CE38F}.Release|x86.Build.0 = Release|Any CPU
		{EF8BC59D-6D22-4F95-BA8A-B9D5D32C7202}.Debug|Any CPU.ActiveCfg = Debug|Any CPU
		{EF8BC59D-6D22-4F95-BA8A-B9D5D32C7202}.Debug|Any CPU.Build.0 = Debug|Any CPU
		{EF8BC59D-6D22-4F95-BA8A-B9D5D32C7202}.Debug|x64.ActiveCfg = Debug|Any CPU
		{EF8BC59D-6D22-4F95-BA8A-B9D5D32C7202}.Debug|x64.Build.0 = Debug|Any CPU
		{EF8BC59D-6D22-4F95-BA8A-B9D5D32C7202}.Debug|x86.ActiveCfg = Debug|Any CPU
		{EF8BC59D-6D22-4F95-BA8A-B9D5D32C7202}.Debug|x86.Build.0 = Debug|Any CPU
		{EF8BC59D-6D22-4F95-BA8A-B9D5D32C7202}.Release|Any CPU.ActiveCfg = Release|Any CPU
		{EF8BC59D-6D22-4F95-BA8A-B9D5D32C7202}.Release|Any CPU.Build.0 = Release|Any CPU
		{EF8BC59D-6D22-4F95-BA8A-B9D5D32C7202}.Release|x64.ActiveCfg = Release|Any CPU
		{EF8BC59D-6D22-4F95-BA8A-B9D5D32C7202}.Release|x64.Build.0 = Release|Any CPU
		{EF8BC59D-6D22-4F95-BA8A-B9D5D32C7202}.Release|x86.ActiveCfg = Release|Any CPU
		{EF8BC59D-6D22-4F95-BA8A-B9D5D32C7202}.Release|x86.Build.0 = Release|Any CPU
		{8C108CCE-0906-4964-A186-65B63A633F07}.Debug|Any CPU.ActiveCfg = Debug|Any CPU
		{8C108CCE-0906-4964-A186-65B63A633F07}.Debug|Any CPU.Build.0 = Debug|Any CPU
		{8C108CCE-0906-4964-A186-65B63A633F07}.Debug|x64.ActiveCfg = Debug|Any CPU
		{8C108CCE-0906-4964-A186-65B63A633F07}.Debug|x64.Build.0 = Debug|Any CPU
		{8C108CCE-0906-4964-A186-65B63A633F07}.Debug|x86.ActiveCfg = Debug|Any CPU
		{8C108CCE-0906-4964-A186-65B63A633F07}.Debug|x86.Build.0 = Debug|Any CPU
		{8C108CCE-0906-4964-A186-65B63A633F07}.Release|Any CPU.ActiveCfg = Release|Any CPU
		{8C108CCE-0906-4964-A186-65B63A633F07}.Release|Any CPU.Build.0 = Release|Any CPU
		{8C108CCE-0906-4964-A186-65B63A633F07}.Release|x64.ActiveCfg = Release|Any CPU
		{8C108CCE-0906-4964-A186-65B63A633F07}.Release|x64.Build.0 = Release|Any CPU
		{8C108CCE-0906-4964-A186-65B63A633F07}.Release|x86.ActiveCfg = Release|Any CPU
		{8C108CCE-0906-4964-A186-65B63A633F07}.Release|x86.Build.0 = Release|Any CPU
		{1B555B95-71CE-4577-8796-43BF4DCE5E08}.Debug|Any CPU.ActiveCfg = Debug|Any CPU
		{1B555B95-71CE-4577-8796-43BF4DCE5E08}.Debug|Any CPU.Build.0 = Debug|Any CPU
		{1B555B95-71CE-4577-8796-43BF4DCE5E08}.Debug|x64.ActiveCfg = Debug|Any CPU
		{1B555B95-71CE-4577-8796-43BF4DCE5E08}.Debug|x64.Build.0 = Debug|Any CPU
		{1B555B95-71CE-4577-8796-43BF4DCE5E08}.Debug|x86.ActiveCfg = Debug|Any CPU
		{1B555B95-71CE-4577-8796-43BF4DCE5E08}.Debug|x86.Build.0 = Debug|Any CPU
		{1B555B95-71CE-4577-8796-43BF4DCE5E08}.Release|Any CPU.ActiveCfg = Release|Any CPU
		{1B555B95-71CE-4577-8796-43BF4DCE5E08}.Release|Any CPU.Build.0 = Release|Any CPU
		{1B555B95-71CE-4577-8796-43BF4DCE5E08}.Release|x64.ActiveCfg = Release|Any CPU
		{1B555B95-71CE-4577-8796-43BF4DCE5E08}.Release|x64.Build.0 = Release|Any CPU
		{1B555B95-71CE-4577-8796-43BF4DCE5E08}.Release|x86.ActiveCfg = Release|Any CPU
		{1B555B95-71CE-4577-8796-43BF4DCE5E08}.Release|x86.Build.0 = Release|Any CPU
		{A7006978-C9D7-4E03-9394-A317CF743FBD}.Debug|Any CPU.ActiveCfg = Debug|Any CPU
		{A7006978-C9D7-4E03-9394-A317CF743FBD}.Debug|Any CPU.Build.0 = Debug|Any CPU
		{A7006978-C9D7-4E03-9394-A317CF743FBD}.Debug|x64.ActiveCfg = Debug|Any CPU
		{A7006978-C9D7-4E03-9394-A317CF743FBD}.Debug|x64.Build.0 = Debug|Any CPU
		{A7006978-C9D7-4E03-9394-A317CF743FBD}.Debug|x86.ActiveCfg = Debug|Any CPU
		{A7006978-C9D7-4E03-9394-A317CF743FBD}.Debug|x86.Build.0 = Debug|Any CPU
		{A7006978-C9D7-4E03-9394-A317CF743FBD}.Release|Any CPU.ActiveCfg = Release|Any CPU
		{A7006978-C9D7-4E03-9394-A317CF743FBD}.Release|Any CPU.Build.0 = Release|Any CPU
		{A7006978-C9D7-4E03-9394-A317CF743FBD}.Release|x64.ActiveCfg = Release|Any CPU
		{A7006978-C9D7-4E03-9394-A317CF743FBD}.Release|x64.Build.0 = Release|Any CPU
		{A7006978-C9D7-4E03-9394-A317CF743FBD}.Release|x86.ActiveCfg = Release|Any CPU
		{A7006978-C9D7-4E03-9394-A317CF743FBD}.Release|x86.Build.0 = Release|Any CPU
	EndGlobalSection
	GlobalSection(NestedProjects) = preSolution
		{BD172A46-E039-48E0-A0CB-1E91390CE38F} = {D1B1D03F-19FB-4813-AF16-5AB5BBA078FA}
		{EF8BC59D-6D22-4F95-BA8A-B9D5D32C7202} = {165E8996-4D6B-44AB-A9B5-45398319BDF8}
		{8C108CCE-0906-4964-A186-65B63A633F07} = {CF4B46DD-74FE-44C8-90CB-C8999321DF4B}
		{1B555B95-71CE-4577-8796-43BF4DCE5E08} = {1056DEFA-6E77-43CE-9D51-CD1C16A2EFFA}
		{A7006978-C9D7-4E03-9394-A317CF743FBD} = {7C0B5E8D-CAFB-4EED-BE0B-B41693994C02}
	EndGlobalSection
EndGlobal
